
Microsoft Visual Studio Solution File, Format Version 12.00
# Visual Studio Version 17
VisualStudioVersion = 17.11.35208.52
MinimumVisualStudioVersion = 10.0.40219.1
Project("{FAE04EC0-301F-11D3-BF4B-00C04F79EFBC}") = "GestaoLivraria", "GestaoLivraria.csproj", "{2341A17B-331F-4F5D-94EC-51BC6ED5DFCD}"
EndProject
Global
	GlobalSection(SolutionConfigurationPlatforms) = preSolution
		Debug|Any CPU = Debug|Any CPU
		Release|Any CPU = Release|Any CPU
	EndGlobalSection
	GlobalSection(ProjectConfigurationPlatforms) = postSolution
		{2341A17B-331F-4F5D-94EC-51BC6ED5DFCD}.Debug|Any CPU.ActiveCfg = Debug|Any CPU
		{2341A17B-331F-4F5D-94EC-51BC6ED5DFCD}.Debug|Any CPU.Build.0 = Debug|Any CPU
		{2341A17B-331F-4F5D-94EC-51BC6ED5DFCD}.Release|Any CPU.ActiveCfg = Release|Any CPU
		{2341A17B-331F-4F5D-94EC-51BC6ED5DFCD}.Release|Any CPU.Build.0 = Release|Any CPU
	EndGlobalSection
	GlobalSection(SolutionProperties) = preSolution
		HideSolutionNode = FALSE
	EndGlobalSection
	GlobalSection(ExtensibilityGlobals) = postSolution
		SolutionGuid = {51B6A7D4-A4E5-4A5C-B4D1-B241C5F487A4}
	EndGlobalSection
EndGlobal
